
Microsoft Visual Studio Solution File, Format Version 12.00
# Visual Studio Version 16
VisualStudioVersion = 16.0.31829.152
MinimumVisualStudioVersion = 10.0.40219.1
Project("{FAE04EC0-301F-11D3-BF4B-00C04F79EFBC}") = "Пробник", "Пробник\Пробник.csproj", "{479D2A77-873D-4C19-BAE7-0C8142267CF9}"
EndProject
Global
	GlobalSection(SolutionConfigurationPlatforms) = preSolution
		Debug|Any CPU = Debug|Any CPU
		Release|Any CPU = Release|Any CPU
	EndGlobalSection
	GlobalSection(ProjectConfigurationPlatforms) = postSolution
		{479D2A77-873D-4C19-BAE7-0C8142267CF9}.Debug|Any CPU.ActiveCfg = Debug|Any CPU
		{479D2A77-873D-4C19-BAE7-0C8142267CF9}.Debug|Any CPU.Build.0 = Debug|Any CPU
		{479D2A77-873D-4C19-BAE7-0C8142267CF9}.Release|Any CPU.ActiveCfg = Release|Any CPU
		{479D2A77-873D-4C19-BAE7-0C8142267CF9}.Release|Any CPU.Build.0 = Release|Any CPU
	EndGlobalSection
	GlobalSection(SolutionProperties) = preSolution
		HideSolutionNode = FALSE
	EndGlobalSection
	GlobalSection(ExtensibilityGlobals) = postSolution
		SolutionGuid = {2D4177C1-7FA1-4E36-AA30-F3FC19D930E7}
	EndGlobalSection
EndGlobal
